
Microsoft Visual Studio Solution File, Format Version 12.00
# Visual Studio Version 16
VisualStudioVersion = 16.0.30804.86
MinimumVisualStudioVersion = 15.0.26124.0
Project("{9A19103F-16F7-4668-BE54-9A1E7A4F7556}") = "CursoEFCore", "Curso\CursoEFCore.csproj", "{CF5FBFAC-F827-4E72-BB77-35BFA0721D33}"
EndProject
Project("{2150E333-8FDC-42A3-9474-1A3956D46DE8}") = "Solution Items", "Solution Items", "{D41C722D-C915-45A7-A11B-21E4AF31C10E}"
	ProjectSection(SolutionItems) = preProject
		info.txt = info.txt
	EndProjectSection
EndProject
Global
	GlobalSection(SolutionConfigurationPlatforms) = preSolution
		Debug|Any CPU = Debug|Any CPU
		Release|Any CPU = Release|Any CPU
	EndGlobalSection
	GlobalSection(ProjectConfigurationPlatforms) = postSolution
		{CF5FBFAC-F827-4E72-BB77-35BFA0721D33}.Debug|Any CPU.ActiveCfg = Debug|Any CPU
		{CF5FBFAC-F827-4E72-BB77-35BFA0721D33}.Debug|Any CPU.Build.0 = Debug|Any CPU
		{CF5FBFAC-F827-4E72-BB77-35BFA0721D33}.Release|Any CPU.ActiveCfg = Release|Any CPU
		{CF5FBFAC-F827-4E72-BB77-35BFA0721D33}.Release|Any CPU.Build.0 = Release|Any CPU
	EndGlobalSection
	GlobalSection(SolutionProperties) = preSolution
		HideSolutionNode = FALSE
	EndGlobalSection
	GlobalSection(ExtensibilityGlobals) = postSolution
		SolutionGuid = {BC42EB5D-1F50-47FD-A18B-33BC47789945}
	EndGlobalSection
EndGlobal
