
Microsoft Visual Studio Solution File, Format Version 12.00
# Visual Studio Version 16
VisualStudioVersion = 16.0.29020.237
MinimumVisualStudioVersion = 10.0.40219.1
Project("{9A19103F-16F7-4668-BE54-9A1E7A4F7556}") = "DevIO.Business", "src\DevIO.Business\DevIO.Business.csproj", "{3879EE97-AE0B-4DB6-BF67-E12AC479BCAE}"
EndProject
Project("{9A19103F-16F7-4668-BE54-9A1E7A4F7556}") = "DevIO.Data", "src\DevIO.Data\DevIO.Data.csproj", "{D9E9604B-7B10-4818-86C1-A2A3830573B7}"
EndProject
Global
	GlobalSection(SolutionConfigurationPlatforms) = preSolution
		Debug|Any CPU = Debug|Any CPU
		Release|Any CPU = Release|Any CPU
	EndGlobalSection
	GlobalSection(ProjectConfigurationPlatforms) = postSolution
		{3879EE97-AE0B-4DB6-BF67-E12AC479BCAE}.Debug|Any CPU.ActiveCfg = Debug|Any CPU
		{3879EE97-AE0B-4DB6-BF67-E12AC479BCAE}.Debug|Any CPU.Build.0 = Debug|Any CPU
		{3879EE97-AE0B-4DB6-BF67-E12AC479BCAE}.Release|Any CPU.ActiveCfg = Release|Any CPU
		{3879EE97-AE0B-4DB6-BF67-E12AC479BCAE}.Release|Any CPU.Build.0 = Release|Any CPU
		{D9E9604B-7B10-4818-86C1-A2A3830573B7}.Debug|Any CPU.ActiveCfg = Debug|Any CPU
		{D9E9604B-7B10-4818-86C1-A2A3830573B7}.Debug|Any CPU.Build.0 = Debug|Any CPU
		{D9E9604B-7B10-4818-86C1-A2A3830573B7}.Release|Any CPU.ActiveCfg = Release|Any CPU
		{D9E9604B-7B10-4818-86C1-A2A3830573B7}.Release|Any CPU.Build.0 = Release|Any CPU
	EndGlobalSection
	GlobalSection(SolutionProperties) = preSolution
		HideSolutionNode = FALSE
	EndGlobalSection
	GlobalSection(ExtensibilityGlobals) = postSolution
		SolutionGuid = {549BF3A1-0B3C-44A8-865A-841584F75280}
	EndGlobalSection
EndGlobal
