
Microsoft Visual Studio Solution File, Format Version 12.00
# Visual Studio Version 16
VisualStudioVersion = 16.0.29102.190
MinimumVisualStudioVersion = 10.0.40219.1
Project("{FAE04EC0-301F-11D3-BF4B-00C04F79EFBC}") = "DevIO.UI.Site", "src\DevIO.UI.Site\DevIO.UI.Site.csproj", "{D6E802FE-AE90-4E09-9B70-34447BA3717F}"
EndProject
Global
	GlobalSection(SolutionConfigurationPlatforms) = preSolution
		Debug|Any CPU = Debug|Any CPU
		Release|Any CPU = Release|Any CPU
	EndGlobalSection
	GlobalSection(ProjectConfigurationPlatforms) = postSolution
		{D6E802FE-AE90-4E09-9B70-34447BA3717F}.Debug|Any CPU.ActiveCfg = Debug|Any CPU
		{D6E802FE-AE90-4E09-9B70-34447BA3717F}.Debug|Any CPU.Build.0 = Debug|Any CPU
		{D6E802FE-AE90-4E09-9B70-34447BA3717F}.Release|Any CPU.ActiveCfg = Release|Any CPU
		{D6E802FE-AE90-4E09-9B70-34447BA3717F}.Release|Any CPU.Build.0 = Release|Any CPU
	EndGlobalSection
	GlobalSection(SolutionProperties) = preSolution
		HideSolutionNode = FALSE
	EndGlobalSection
	GlobalSection(ExtensibilityGlobals) = postSolution
		SolutionGuid = {4F0FBE95-3A4B-4651-8AA2-0A8C8185BB91}
	EndGlobalSection
EndGlobal
