
Microsoft Visual Studio Solution File, Format Version 12.00
# Visual Studio Version 16
VisualStudioVersion = 16.0.29403.142
MinimumVisualStudioVersion = 10.0.40219.1
Project("{9A19103F-16F7-4668-BE54-9A1E7A4F7556}") = "AspNetCoreIdentity", "AspNetCoreIdentity\AspNetCoreIdentity.csproj", "{A77DC1F2-2934-4F61-A58E-41D47C0BFE2A}"
EndProject
Project("{9A19103F-16F7-4668-BE54-9A1E7A4F7556}") = "AspNetCoreIdentity2", "AspNetCoreIdentity2\AspNetCoreIdentity2.csproj", "{6719DEE6-7801-4471-B1DB-3C5D84C988B4}"
EndProject
Global
	GlobalSection(SolutionConfigurationPlatforms) = preSolution
		Debug|Any CPU = Debug|Any CPU
		Release|Any CPU = Release|Any CPU
	EndGlobalSection
	GlobalSection(ProjectConfigurationPlatforms) = postSolution
		{A77DC1F2-2934-4F61-A58E-41D47C0BFE2A}.Debug|Any CPU.ActiveCfg = Debug|Any CPU
		{A77DC1F2-2934-4F61-A58E-41D47C0BFE2A}.Debug|Any CPU.Build.0 = Debug|Any CPU
		{A77DC1F2-2934-4F61-A58E-41D47C0BFE2A}.Release|Any CPU.ActiveCfg = Release|Any CPU
		{A77DC1F2-2934-4F61-A58E-41D47C0BFE2A}.Release|Any CPU.Build.0 = Release|Any CPU
		{6719DEE6-7801-4471-B1DB-3C5D84C988B4}.Debug|Any CPU.ActiveCfg = Debug|Any CPU
		{6719DEE6-7801-4471-B1DB-3C5D84C988B4}.Debug|Any CPU.Build.0 = Debug|Any CPU
		{6719DEE6-7801-4471-B1DB-3C5D84C988B4}.Release|Any CPU.ActiveCfg = Release|Any CPU
		{6719DEE6-7801-4471-B1DB-3C5D84C988B4}.Release|Any CPU.Build.0 = Release|Any CPU
	EndGlobalSection
	GlobalSection(SolutionProperties) = preSolution
		HideSolutionNode = FALSE
	EndGlobalSection
	GlobalSection(ExtensibilityGlobals) = postSolution
		SolutionGuid = {B97BD943-C719-4C0A-BC40-53C3A091A714}
	EndGlobalSection
EndGlobal
